
Microsoft Visual Studio Solution File, Format Version 12.00
# Visual Studio 2012
Project("{FAE04EC0-301F-11D3-BF4B-00C04F79EFBC}") = "winCDP-GUI", "winCDP-GUI\winCDP-GUI.csproj", "{BECCDE3E-08C6-48BE-8040-A0CB1ED12D8E}"
EndProject
Project("{FAE04EC0-301F-11D3-BF4B-00C04F79EFBC}") = "FlexFieldControlLib", "FlexFieldControlLib\FlexFieldControlLib.csproj", "{D1BF6ACC-BE80-4478-B715-3CA174CEF119}"
EndProject
Project("{2150E333-8FDC-42A3-9474-1A3956D46DE8}") = "Solution Items", "Solution Items", "{41910CC3-FC28-497E-B99E-16CB233F73AA}"
	ProjectSection(SolutionItems) = preProject
		README.md = README.md
	EndProjectSection
EndProject
Project("{FAE04EC0-301F-11D3-BF4B-00C04F79EFBC}") = "winCDP-Service", "winCDP-Service\winCDP-Service.csproj", "{E699E3C5-D9E2-4686-8541-6BCE7E3D0E9B}"
EndProject
Global
	GlobalSection(SolutionConfigurationPlatforms) = preSolution
		Debug|Any CPU = Debug|Any CPU
		Release|Any CPU = Release|Any CPU
	EndGlobalSection
	GlobalSection(ProjectConfigurationPlatforms) = postSolution
		{BECCDE3E-08C6-48BE-8040-A0CB1ED12D8E}.Debug|Any CPU.ActiveCfg = Debug|Any CPU
		{BECCDE3E-08C6-48BE-8040-A0CB1ED12D8E}.Debug|Any CPU.Build.0 = Debug|Any CPU
		{BECCDE3E-08C6-48BE-8040-A0CB1ED12D8E}.Release|Any CPU.ActiveCfg = Release|Any CPU
		{BECCDE3E-08C6-48BE-8040-A0CB1ED12D8E}.Release|Any CPU.Build.0 = Release|Any CPU
		{D1BF6ACC-BE80-4478-B715-3CA174CEF119}.Debug|Any CPU.ActiveCfg = Debug|Any CPU
		{D1BF6ACC-BE80-4478-B715-3CA174CEF119}.Debug|Any CPU.Build.0 = Debug|Any CPU
		{D1BF6ACC-BE80-4478-B715-3CA174CEF119}.Release|Any CPU.ActiveCfg = Release|Any CPU
		{D1BF6ACC-BE80-4478-B715-3CA174CEF119}.Release|Any CPU.Build.0 = Release|Any CPU
		{E699E3C5-D9E2-4686-8541-6BCE7E3D0E9B}.Debug|Any CPU.ActiveCfg = Debug|Any CPU
		{E699E3C5-D9E2-4686-8541-6BCE7E3D0E9B}.Debug|Any CPU.Build.0 = Debug|Any CPU
		{E699E3C5-D9E2-4686-8541-6BCE7E3D0E9B}.Release|Any CPU.ActiveCfg = Release|Any CPU
		{E699E3C5-D9E2-4686-8541-6BCE7E3D0E9B}.Release|Any CPU.Build.0 = Release|Any CPU
	EndGlobalSection
	GlobalSection(SolutionProperties) = preSolution
		HideSolutionNode = FALSE
	EndGlobalSection
EndGlobal
